
Microsoft Visual Studio Solution File, Format Version 12.00
Project("{FAE04EC0-301F-11D3-BF4B-00C04F79EFBC}") = "weaver", "weaver\weaver.csproj", "{14E977B3-784A-4528-A108-1B4187754CD3}"
EndProject
Global
	GlobalSection(SolutionConfigurationPlatforms) = preSolution
		Debug|Any CPU = Debug|Any CPU
		Release|Any CPU = Release|Any CPU
	EndGlobalSection
	GlobalSection(ProjectConfigurationPlatforms) = postSolution
		{14E977B3-784A-4528-A108-1B4187754CD3}.Debug|Any CPU.ActiveCfg = Debug|Any CPU
		{14E977B3-784A-4528-A108-1B4187754CD3}.Debug|Any CPU.Build.0 = Debug|Any CPU
		{14E977B3-784A-4528-A108-1B4187754CD3}.Release|Any CPU.ActiveCfg = Release|Any CPU
		{14E977B3-784A-4528-A108-1B4187754CD3}.Release|Any CPU.Build.0 = Release|Any CPU
	EndGlobalSection
EndGlobal
